// !$*UTF8*$!
{
	archiveVersion = 1;
	classes = {
	};
	objectVersion = 46;
	objects = {

/* Begin PBXBuildFile section */
		B13ED1081CFAA634000AB304 /* AppDelegate.swift in Sources */ = {isa = PBXBuildFile; fileRef = B13ED1071CFAA634000AB304 /* AppDelegate.swift */; };
		B13ED10A1CFAA634000AB304 /* ViewController.swift in Sources */ = {isa = PBXBuildFile; fileRef = B13ED1091CFAA634000AB304 /* ViewController.swift */; };
		B13ED10D1CFAA634000AB304 /* Main.storyboard in Resources */ = {isa = PBXBuildFile; fileRef = B13ED10B1CFAA634000AB304 /* Main.storyboard */; };
		B13ED10F1CFAA634000AB304 /* Assets.xcassets in Resources */ = {isa = PBXBuildFile; fileRef = B13ED10E1CFAA634000AB304 /* Assets.xcassets */; };
		B13ED1121CFAA634000AB304 /* LaunchScreen.storyboard in Resources */ = {isa = PBXBuildFile; fileRef = B13ED1101CFAA634000AB304 /* LaunchScreen.storyboard */; };
/* End PBXBuildFile section */

/* Begin PBXFileReference section */
		B13ED1041CFAA634000AB304 /* ShowMeBaby.app */ = {isa = PBXFileReference; explicitFileType = wrapper.application; includeInIndex = 0; path = ShowMeBaby.app; sourceTree = BUILT_PRODUCTS_DIR; };
		B13ED1071CFAA634000AB304 /* AppDelegate.swift */ = {isa = PBXFileReference; lastKnownFileType = sourcecode.swift; path = AppDelegate.swift; sourceTree = "<group>"; };
		B13ED1091CFAA634000AB304 /* ViewController.swift */ = {isa = PBXFileReference; lastKnownFileType = sourcecode.swift; path = ViewController.swift; sourceTree = "<group>"; };
		B13ED10C1CFAA634000AB304 /* Base */ = {isa = PBXFileReference; lastKnownFileType = file.storyboard; name = Base; path = Base.lproj/Main.storyboard; sourceTree = "<group>"; };
		B13ED10E1CFAA634000AB304 /* Assets.xcassets */ = {isa = PBXFileReference; lastKnownFileType = folder.assetcatalog; path = Assets.xcassets; sourceTree = "<group>"; };
		B13ED1111CFAA634000AB304 /* Base */ = {isa = PBXFileReference; lastKnownFileType = file.storyboard; name = Base; path = Base.lproj/LaunchScreen.storyboard; sourceTree = "<group>"; };
		B13ED1131CFAA634000AB304 /* Info.plist */ = {isa = PBXFileReference; lastKnownFileType = text.plist.xml; path = Info.plist; sourceTree = "<group>"; };
/* End PBXFileReference section */

/* Begin PBXFrameworksBuildPhase section */
		B13ED1011CFAA634000AB304 /* Frameworks */ = {
			isa = PBXFrameworksBuildPhase;
			buildActionMask = 2147483647;
			files = (
			);
			runOnlyForDeploymentPostprocessing = 0;
		};
/* End PBXFrameworksBuildPhase section */

/* Begin PBXGroup section */
		B13ED0FB1CFAA634000AB304 = {
			isa = PBXGroup;
			children = (
				B13ED1061CFAA634000AB304 /* ShowMeBaby */,
				B13ED1051CFAA634000AB304 /* Products */,
			);
			sourceTree = "<group>";
		};
		B13ED1051CFAA634000AB304 /* Products */ = {
			isa = PBXGroup;
			children = (
				B13ED1041CFAA634000AB304 /* ShowMeBaby.app */,
			);
			name = Products;
			sourceTree = "<group>";
		};
		B13ED1061CFAA634000AB304 /* ShowMeBaby */ = {
			isa = PBXGroup;
			children = (
				B13ED1071CFAA634000AB304 /* AppDelegate.swift */,
				B13ED1091CFAA634000AB304 /* ViewController.swift */,
				B13ED10B1CFAA634000AB304 /* Main.storyboard */,
				B13ED10E1CFAA634000AB304 /* Assets.xcassets */,
				B13ED1101CFAA634000AB304 /* LaunchScreen.storyboard */,
				B13ED1131CFAA634000AB304 /* Info.plist */,
			);
			path = ShowMeBaby;
			sourceTree = "<group>";
		};
/* End PBXGroup section */

/* Begin PBXNativeTarget section */
		B13ED1031CFAA634000AB304 /* ShowMeBaby */ = {
			isa = PBXNativeTarget;
			buildConfigurationList = B13ED1161CFAA634000AB304 /* Build configuration list for PBXNativeTarget "ShowMeBaby" */;
			buildPhases = (
				B13ED1001CFAA634000AB304 /* Sources */,
				B13ED1011CFAA634000AB304 /* Frameworks */,
				B13ED1021CFAA634000AB304 /* Resources */,
			);
			buildRules = (
			);
			dependencies = (
			);
			name = ShowMeBaby;
			productName = ShowMeBaby;
			productReference = B13ED1041CFAA634000AB304 /* ShowMeBaby.app */;
			productType = "com.apple.product-type.application";
		};
/* End PBXNativeTarget section */

/* Begin PBXProject section */
		B13ED0FC1CFAA634000AB304 /* Project object */ = {
			isa = PBXProject;
			attributes = {
				LastSwiftUpdateCheck = 0730;
				LastUpgradeCheck = 0730;
				ORGANIZATIONNAME = "Koby Kreations";
				TargetAttributes = {
					B13ED1031CFAA634000AB304 = {
						CreatedOnToolsVersion = 7.3.1;
					};
				};
			};
			buildConfigurationList = B13ED0FF1CFAA634000AB304 /* Build configuration list for PBXProject "ShowMeBaby" */;
			compatibilityVersion = "Xcode 3.2";
			developmentRegion = English;
			hasScannedForEncodings = 0;
			knownRegions = (
				en,
				Base,
			);
			mainGroup = B13ED0FB1CFAA634000AB304;
			productRefGroup = B13ED1051CFAA634000AB304 /* Products */;
			projectDirPath = "";
			projectRoot = "";
			targets = (
				B13ED1031CFAA634000AB304 /* ShowMeBaby */,
			);
		};
/* End PBXProject section */

/* Begin PBXResourcesBuildPhase section */
		B13ED1021CFAA634000AB304 /* Resources */ = {
			isa = PBXResourcesBuildPhase;
			buildActionMask = 2147483647;
			files = (
				B13ED1121CFAA634000AB304 /* LaunchScreen.storyboard in Resources */,
				B13ED10F1CFAA634000AB304 /* Assets.xcassets in Resources */,
				B13ED10D1CFAA634000AB304 /* Main.storyboard in Resources */,
			);
			runOnlyForDeploymentPostprocessing = 0;
		};
/* End PBXResourcesBuildPhase section */

/* Begin PBXSourcesBuildPhase section */
		B13ED1001CFAA634000AB304 /* Sources */ = {
			isa = PBXSourcesBuildPhase;
			buildActionMask = 2147483647;
			files = (
				B13ED10A1CFAA634000AB304 /* ViewController.swift in Sources */,
				B13ED1081CFAA634000AB304 /* AppDelegate.swift in Sources */,
			);
			runOnlyForDeploymentPostprocessing = 0;
		};
/* End PBXSourcesBuildPhase section */

/* Begin PBXVariantGroup section */
		B13ED10B1CFAA634000AB304 /* Main.storyboard */ = {
			isa = PBXVariantGroup;
			children = (
				B13ED10C1CFAA634000AB304 /* Base */,
			);
			name = Main.storyboard;
			sourceTree = "<group>";
		};
		B13ED1101CFAA634000AB304 /* LaunchScreen.storyboard */ = {
			isa = PBXVariantGroup;
			children = (
				B13ED1111CFAA634000AB304 /* Base */,
			);
			name = LaunchScreen.storyboard;
			sourceTree = "<group>";
		};
/* End PBXVariantGroup section */

/* Begin XCBuildConfiguration section */
		B13ED1141CFAA634000AB304 /* Debug */ = {
			isa = XCBuildConfiguration;
			buildSettings = {
				ALWAYS_SEARCH_USER_PATHS = NO;
				CLANG_ANALYZER_NONNULL = YES;
				CLANG_CXX_LANGUAGE_STANDARD = "gnu++0x";
				CLANG_CXX_LIBRARY = "libc++";
				CLANG_ENABLE_MODULES = YES;
				CLANG_ENABLE_OBJC_ARC = YES;
				CLANG_WARN_BOOL_CONVERSION = YES;
				CLANG_WARN_CONSTANT_CONVERSION = YES;
				CLANG_WARN_DIRECT_OBJC_ISA_USAGE = YES_ERROR;
				CLANG_WARN_EMPTY_BODY = YES;
				CLANG_WARN_ENUM_CONVERSION = YES;
				CLANG_WARN_INT_CONVERSION = YES;
				CLANG_WARN_OBJC_ROOT_CLASS = YES_ERROR;
				CLANG_WARN_UNREACHABLE_CODE = YES;
				CLANG_WARN__DUPLICATE_METHOD_MATCH = YES;
				"CODE_SIGN_IDENTITY[sdk=iphoneos*]" = "iPhone Developer";
				COPY_PHASE_STRIP = NO;
				DEBUG_INFORMATION_FORMAT = dwarf;
				ENABLE_STRICT_OBJC_MSGSEND = YES;
				ENABLE_TESTABILITY = YES;
				GCC_C_LANGUAGE_STANDARD = gnu99;
				GCC_DYNAMIC_NO_PIC = NO;
				GCC_NO_COMMON_BLOCKS = YES;
				GCC_OPTIMIZATION_LEVEL = 0;
				GCC_PREPROCESSOR_DEFINITIONS = (
					"DEBUG=1",
					"$(inherited)",
				);
				GCC_WARN_64_TO_32_BIT_CONVERSION = YES;
				GCC_WARN_ABOUT_RETURN_TYPE = YES_ERROR;
				GCC_WARN_UNDECLARED_SELECTOR = YES;
				GCC_WARN_UNINITIALIZED_AUTOS = YES_AGGRESSIVE;
				GCC_WARN_UNUSED_FUNCTION = YES;
				GCC_WARN_UNUSED_VARIABLE = YES;
				IPHONEOS_DEPLOYMENT_TARGET = 9.3;
				MTL_ENABLE_DEBUG_INFO = YES;
				ONLY_ACTIVE_ARCH = YES;
				SDKROOT = iphoneos;
				SWIFT_OPTIMIZATION_LEVEL = "-Onone";
			};
			name = Debug;
		};
		B13ED1151CFAA634000AB304 /* Release */ = {
			isa = XCBuildConfiguration;
			buildSettings = {
				ALWAYS_SEARCH_USER_PATHS = NO;
				CLANG_ANALYZER_NONNULL = YES;
				CLANG_CXX_LANGUAGE_STANDARD = "gnu++0x";
				CLANG_CXX_LIBRARY = "libc++";
				CLANG_ENABLE_MODULES = YES;
				CLANG_ENABLE_OBJC_ARC = YES;
				CLANG_WARN_BOOL_CONVERSION = YES;
				CLANG_WARN_CONSTANT_CONVERSION = YES;
				CLANG_WARN_DIRECT_OBJC_ISA_USAGE = YES_ERROR;
				CLANG_WARN_EMPTY_BODY = YES;
				CLANG_WARN_ENUM_CONVERSION = YES;
				CLANG_WARN_INT_CONVERSION = YES;
				CLANG_WARN_OBJC_ROOT_CLASS = YES_ERROR;
				CLANG_WARN_UNREACHABLE_CODE = YES;
				CLANG_WARN__DUPLICATE_METHOD_MATCH = YES;
				"CODE_SIGN_IDENTITY[sdk=iphoneos*]" = "iPhone Developer";
				COPY_PHASE_STRIP = NO;
				DEBUG_INFORMATION_FORMAT = "dwarf-with-dsym";
				ENABLE_NS_ASSERTIONS = NO;
				ENABLE_STRICT_OBJC_MSGSEND = YES;
				GCC_C_LANGUAGE_STANDARD = gnu99;
				GCC_NO_COMMON_BLOCKS = YES;
				GCC_WARN_64_TO_32_BIT_CONVERSION = YES;
				GCC_WARN_ABOUT_RETURN_TYPE = YES_ERROR;
				GCC_WARN_UNDECLARED_SELECTOR = YES;
				GCC_WARN_UNINITIALIZED_AUTOS = YES_AGGRESSIVE;
				GCC_WARN_UNUSED_FUNCTION = YES;
				GCC_WARN_UNUSED_VARIABLE = YES;
				IPHONEOS_DEPLOYMENT_TARGET = 9.3;
				MTL_ENABLE_DEBUG_INFO = NO;
				SDKROOT = iphoneos;
				VALIDATE_PRODUCT = YES;
			};
			name = Release;
		};
		B13ED1171CFAA634000AB304 /* Debug */ = {
			isa = XCBuildConfiguration;
			buildSettings = {
				ASSETCATALOG_COMPILER_APPICON_NAME = AppIcon;
				INFOPLIST_FILE = ShowMeBaby/Info.plist;
				LD_RUNPATH_SEARCH_PATHS = "$(inherited) @executable_path/Frameworks";
				PRODUCT_BUNDLE_IDENTIFIER = com.KobyKreations.ShowMeBaby;
				PRODUCT_NAME = "$(TARGET_NAME)";
			};
			name = Debug;
		};
		B13ED1181CFAA634000AB304 /* Release */ = {
			isa = XCBuildConfiguration;
			buildSettings = {
				ASSETCATALOG_COMPILER_APPICON_NAME = AppIcon;
				INFOPLIST_FILE = ShowMeBaby/Info.plist;
				LD_RUNPATH_SEARCH_PATHS = "$(inherited) @executable_path/Frameworks";
				PRODUCT_BUNDLE_IDENTIFIER = com.KobyKreations.ShowMeBaby;
				PRODUCT_NAME = "$(TARGET_NAME)";
			};
			name = Release;
		};
/* End XCBuildConfiguration section */

/* Begin XCConfigurationList section */
		B13ED0FF1CFAA634000AB304 /* Build configuration list for PBXProject "ShowMeBaby" */ = {
			isa = XCConfigurationList;
			buildConfigurations = (
				B13ED1141CFAA634000AB304 /* Debug */,
				B13ED1151CFAA634000AB304 /* Release */,
			);
			defaultConfigurationIsVisible = 0;
			defaultConfigurationName = Release;
		};
		B13ED1161CFAA634000AB304 /* Build configuration list for PBXNativeTarget "ShowMeBaby" */ = {
			isa = XCConfigurationList;
			buildConfigurations = (
				B13ED1171CFAA634000AB304 /* Debug */,
				B13ED1181CFAA634000AB304 /* Release */,
			);
			defaultConfigurationIsVisible = 0;
		};
/* End XCConfigurationList section */
	};
	rootObject = B13ED0FC1CFAA634000AB304 /* Project object */;
}
